
Microsoft Visual Studio Solution File, Format Version 12.00
# Visual Studio Version 16
VisualStudioVersion = 16.0.29409.12
MinimumVisualStudioVersion = 10.0.40219.1
Project("{FAE04EC0-301F-11D3-BF4B-00C04F79EFBC}") = "ConexaoBD", "ConexaoBD\ConexaoBD.csproj", "{E57EA8DE-EE71-4FCC-BF61-D57649FBC29D}"
EndProject
Global
	GlobalSection(SolutionConfigurationPlatforms) = preSolution
		Debug|Any CPU = Debug|Any CPU
		Release|Any CPU = Release|Any CPU
	EndGlobalSection
	GlobalSection(ProjectConfigurationPlatforms) = postSolution
		{E57EA8DE-EE71-4FCC-BF61-D57649FBC29D}.Debug|Any CPU.ActiveCfg = Debug|Any CPU
		{E57EA8DE-EE71-4FCC-BF61-D57649FBC29D}.Debug|Any CPU.Build.0 = Debug|Any CPU
		{E57EA8DE-EE71-4FCC-BF61-D57649FBC29D}.Release|Any CPU.ActiveCfg = Release|Any CPU
		{E57EA8DE-EE71-4FCC-BF61-D57649FBC29D}.Release|Any CPU.Build.0 = Release|Any CPU
	EndGlobalSection
	GlobalSection(SolutionProperties) = preSolution
		HideSolutionNode = FALSE
	EndGlobalSection
	GlobalSection(ExtensibilityGlobals) = postSolution
		SolutionGuid = {4D05A37F-FDE2-4ED4-8611-59CA862C6A55}
	EndGlobalSection
EndGlobal
