
Microsoft Visual Studio Solution File, Format Version 12.00
# Visual Studio Version 16
VisualStudioVersion = 16.0.29409.12
MinimumVisualStudioVersion = 10.0.40219.1
Project("{FAE04EC0-301F-11D3-BF4B-00C04F79EFBC}") = "DOS", "ConexaoBD\DOS.csproj", "{E57EA8DE-EE71-4FCC-BF61-D57649FBC29D}"
EndProject
Project("{FAE04EC0-301F-11D3-BF4B-00C04F79EFBC}") = "DBProjetoCrud.Repositorio", "DBProjetoCrud.Repositorio\DBProjetoCrud.Repositorio.csproj", "{852795C9-D31A-4DFD-9FB3-EEF55A691171}"
EndProject
Project("{FAE04EC0-301F-11D3-BF4B-00C04F79EFBC}") = "BDProjetoCrud.Dominio", "BDProjetoCrud.Dominio\BDProjetoCrud.Dominio.csproj", "{CC671907-F64C-4170-A61B-C3FE136D3BBC}"
EndProject
Project("{FAE04EC0-301F-11D3-BF4B-00C04F79EFBC}") = "BDProjetoCrud.Aplicacao", "BDProjetoCrud.Aplicacao\BDProjetoCrud.Aplicacao.csproj", "{5705E048-A93E-4389-AEF8-5902EBA80851}"
EndProject
Project("{FAE04EC0-301F-11D3-BF4B-00C04F79EFBC}") = "Web", "Web\Web.csproj", "{DD236DDB-915B-4A23-9DED-F3BB0C5C4336}"
EndProject
Global
	GlobalSection(SolutionConfigurationPlatforms) = preSolution
		Debug|Any CPU = Debug|Any CPU
		Release|Any CPU = Release|Any CPU
	EndGlobalSection
	GlobalSection(ProjectConfigurationPlatforms) = postSolution
		{E57EA8DE-EE71-4FCC-BF61-D57649FBC29D}.Debug|Any CPU.ActiveCfg = Debug|Any CPU
		{E57EA8DE-EE71-4FCC-BF61-D57649FBC29D}.Debug|Any CPU.Build.0 = Debug|Any CPU
		{E57EA8DE-EE71-4FCC-BF61-D57649FBC29D}.Release|Any CPU.ActiveCfg = Release|Any CPU
		{E57EA8DE-EE71-4FCC-BF61-D57649FBC29D}.Release|Any CPU.Build.0 = Release|Any CPU
		{852795C9-D31A-4DFD-9FB3-EEF55A691171}.Debug|Any CPU.ActiveCfg = Debug|Any CPU
		{852795C9-D31A-4DFD-9FB3-EEF55A691171}.Debug|Any CPU.Build.0 = Debug|Any CPU
		{852795C9-D31A-4DFD-9FB3-EEF55A691171}.Release|Any CPU.ActiveCfg = Release|Any CPU
		{852795C9-D31A-4DFD-9FB3-EEF55A691171}.Release|Any CPU.Build.0 = Release|Any CPU
		{CC671907-F64C-4170-A61B-C3FE136D3BBC}.Debug|Any CPU.ActiveCfg = Debug|Any CPU
		{CC671907-F64C-4170-A61B-C3FE136D3BBC}.Debug|Any CPU.Build.0 = Debug|Any CPU
		{CC671907-F64C-4170-A61B-C3FE136D3BBC}.Release|Any CPU.ActiveCfg = Release|Any CPU
		{CC671907-F64C-4170-A61B-C3FE136D3BBC}.Release|Any CPU.Build.0 = Release|Any CPU
		{5705E048-A93E-4389-AEF8-5902EBA80851}.Debug|Any CPU.ActiveCfg = Debug|Any CPU
		{5705E048-A93E-4389-AEF8-5902EBA80851}.Debug|Any CPU.Build.0 = Debug|Any CPU
		{5705E048-A93E-4389-AEF8-5902EBA80851}.Release|Any CPU.ActiveCfg = Release|Any CPU
		{5705E048-A93E-4389-AEF8-5902EBA80851}.Release|Any CPU.Build.0 = Release|Any CPU
		{DD236DDB-915B-4A23-9DED-F3BB0C5C4336}.Debug|Any CPU.ActiveCfg = Debug|Any CPU
		{DD236DDB-915B-4A23-9DED-F3BB0C5C4336}.Debug|Any CPU.Build.0 = Debug|Any CPU
		{DD236DDB-915B-4A23-9DED-F3BB0C5C4336}.Release|Any CPU.ActiveCfg = Release|Any CPU
		{DD236DDB-915B-4A23-9DED-F3BB0C5C4336}.Release|Any CPU.Build.0 = Release|Any CPU
	EndGlobalSection
	GlobalSection(SolutionProperties) = preSolution
		HideSolutionNode = FALSE
	EndGlobalSection
	GlobalSection(ExtensibilityGlobals) = postSolution
		SolutionGuid = {4D05A37F-FDE2-4ED4-8611-59CA862C6A55}
	EndGlobalSection
EndGlobal
